{
    "_readme": [
        "This file locks the dependencies of your project to a known state",
        "Read more about it at https://getcomposer.org/doc/01-basic-usage.md#installing-dependencies",
        "This file is @generated automatically"
    ],
    "content-hash": "567f3f94e67361694b519b034ad076b7",
    "packages": [
        {
            "name": "twilio/sdk",
            "version": "8.1.1",
            "source": {
                "type": "git",
                "url": "https://github.com/twilio/twilio-php.git",
                "reference": "d59f57a548e2659fb305be11690b7b0aaf40a84c"
            },
            "dist": {
                "type": "zip",
                "url": "https://api.github.com/repos/twilio/twilio-php/zipball/d59f57a548e2659fb305be11690b7b0aaf40a84c",
                "reference": "d59f57a548e2659fb305be11690b7b0aaf40a84c",
                "shasum": ""
            },
            "require": {
                "php": ">=7.1.0"
            },
            "require-dev": {
                "guzzlehttp/guzzle": "^6.3 || ^7.0",
                "phpunit/phpunit": ">=7.0 < 10"
            },
            "suggest": {
                "guzzlehttp/guzzle": "An HTTP client to execute the API requests"
            },
            "type": "library",
            "autoload": {
                "psr-4": {
                    "Twilio\\": "src/Twilio/"
                }
            },
            "notification-url": "https://packagist.org/downloads/",
            "license": [
                "MIT"
            ],
            "authors": [
                {
                    "name": "Twilio API Team",
                    "email": "api@twilio.com"
                }
            ],
            "description": "A PHP wrapper for Twilio's API",
            "homepage": "https://github.com/twilio/twilio-php",
            "keywords": [
                "api",
                "sms",
                "twilio"
            ],
            "support": {
                "issues": "https://github.com/twilio/twilio-php/issues",
                "source": "https://github.com/twilio/twilio-php/tree/8.1.1"
            },
            "time": "2024-06-06T11:46:47+00:00"
        }
    ],
    "packages-dev": [],
    "aliases": [],
    "minimum-stability": "dev",
    "stability-flags": [],
    "prefer-stable": true,
    "prefer-lowest": false,
    "platform": {
        "php": ">=7.2.0"
    },
    "platform-dev": [],
    "plugin-api-version": "2.6.0"
}
